
Microsoft Visual Studio Solution File, Format Version 12.00
# Visual Studio Version 16
VisualStudioVersion = 16.0.30320.27
MinimumVisualStudioVersion = 10.0.40219.1
Project("{FAE04EC0-301F-11D3-BF4B-00C04F79EFBC}") = "Pos.Domain", "Pos.Domain\Pos.Domain.csproj", "{C3D0EFA0-42D8-4CC8-BA19-A91D5D4E326C}"
EndProject
Project("{FAE04EC0-301F-11D3-BF4B-00C04F79EFBC}") = "Pos.Portal", "Pos.Portal\Pos.Portal.csproj", "{80CF6D9C-4289-42C3-A9B4-1445D18B5486}"
EndProject
Global
	GlobalSection(SolutionConfigurationPlatforms) = preSolution
		Debug|Any CPU = Debug|Any CPU
		Release|Any CPU = Release|Any CPU
	EndGlobalSection
	GlobalSection(ProjectConfigurationPlatforms) = postSolution
		{C3D0EFA0-42D8-4CC8-BA19-A91D5D4E326C}.Debug|Any CPU.ActiveCfg = Debug|Any CPU
		{C3D0EFA0-42D8-4CC8-BA19-A91D5D4E326C}.Debug|Any CPU.Build.0 = Debug|Any CPU
		{C3D0EFA0-42D8-4CC8-BA19-A91D5D4E326C}.Release|Any CPU.ActiveCfg = Release|Any CPU
		{C3D0EFA0-42D8-4CC8-BA19-A91D5D4E326C}.Release|Any CPU.Build.0 = Release|Any CPU
		{80CF6D9C-4289-42C3-A9B4-1445D18B5486}.Debug|Any CPU.ActiveCfg = Debug|Any CPU
		{80CF6D9C-4289-42C3-A9B4-1445D18B5486}.Debug|Any CPU.Build.0 = Debug|Any CPU
		{80CF6D9C-4289-42C3-A9B4-1445D18B5486}.Release|Any CPU.ActiveCfg = Release|Any CPU
		{80CF6D9C-4289-42C3-A9B4-1445D18B5486}.Release|Any CPU.Build.0 = Release|Any CPU
	EndGlobalSection
	GlobalSection(SolutionProperties) = preSolution
		HideSolutionNode = FALSE
	EndGlobalSection
	GlobalSection(ExtensibilityGlobals) = postSolution
		SolutionGuid = {45FC1BB9-41BD-43A3-B5AB-114E3F9C21AA}
	EndGlobalSection
EndGlobal
